
Microsoft Visual Studio Solution File, Format Version 12.00
# Visual Studio Version 16
VisualStudioVersion = 16.0.30717.126
MinimumVisualStudioVersion = 10.0.40219.1
Project("{FAE04EC0-301F-11D3-BF4B-00C04F79EFBC}") = "tabbedmvvm.Android", "tabbedmvvm.Android\tabbedmvvm.Android.csproj", "{F5402EC0-312B-4863-9853-49FC994B7507}"
EndProject
Project("{FAE04EC0-301F-11D3-BF4B-00C04F79EFBC}") = "tabbedmvvm.iOS", "tabbedmvvm.iOS\tabbedmvvm.iOS.csproj", "{75F13830-C04E-4AA1-BD29-56CA1E4A87AB}"
EndProject
Project("{FAE04EC0-301F-11D3-BF4B-00C04F79EFBC}") = "tabbedmvvm", "tabbedmvvm\tabbedmvvm.csproj", "{96274F4B-B3D9-4C9D-9755-0BA039CEBD86}"
EndProject
Global
	GlobalSection(SolutionConfigurationPlatforms) = preSolution
		Debug|Any CPU = Debug|Any CPU
		Debug|iPhone = Debug|iPhone
		Debug|iPhoneSimulator = Debug|iPhoneSimulator
		Release|Any CPU = Release|Any CPU
		Release|iPhone = Release|iPhone
		Release|iPhoneSimulator = Release|iPhoneSimulator
	EndGlobalSection
	GlobalSection(ProjectConfigurationPlatforms) = postSolution
		{F5402EC0-312B-4863-9853-49FC994B7507}.Debug|Any CPU.ActiveCfg = Debug|Any CPU
		{F5402EC0-312B-4863-9853-49FC994B7507}.Debug|Any CPU.Build.0 = Debug|Any CPU
		{F5402EC0-312B-4863-9853-49FC994B7507}.Debug|Any CPU.Deploy.0 = Debug|Any CPU
		{F5402EC0-312B-4863-9853-49FC994B7507}.Debug|iPhone.ActiveCfg = Debug|Any CPU
		{F5402EC0-312B-4863-9853-49FC994B7507}.Debug|iPhone.Build.0 = Debug|Any CPU
		{F5402EC0-312B-4863-9853-49FC994B7507}.Debug|iPhone.Deploy.0 = Debug|Any CPU
		{F5402EC0-312B-4863-9853-49FC994B7507}.Debug|iPhoneSimulator.ActiveCfg = Debug|Any CPU
		{F5402EC0-312B-4863-9853-49FC994B7507}.Debug|iPhoneSimulator.Build.0 = Debug|Any CPU
		{F5402EC0-312B-4863-9853-49FC994B7507}.Debug|iPhoneSimulator.Deploy.0 = Debug|Any CPU
		{F5402EC0-312B-4863-9853-49FC994B7507}.Release|Any CPU.ActiveCfg = Release|Any CPU
		{F5402EC0-312B-4863-9853-49FC994B7507}.Release|Any CPU.Build.0 = Release|Any CPU
		{F5402EC0-312B-4863-9853-49FC994B7507}.Release|Any CPU.Deploy.0 = Release|Any CPU
		{F5402EC0-312B-4863-9853-49FC994B7507}.Release|iPhone.ActiveCfg = Release|Any CPU
		{F5402EC0-312B-4863-9853-49FC994B7507}.Release|iPhone.Build.0 = Release|Any CPU
		{F5402EC0-312B-4863-9853-49FC994B7507}.Release|iPhone.Deploy.0 = Release|Any CPU
		{F5402EC0-312B-4863-9853-49FC994B7507}.Release|iPhoneSimulator.ActiveCfg = Release|Any CPU
		{F5402EC0-312B-4863-9853-49FC994B7507}.Release|iPhoneSimulator.Build.0 = Release|Any CPU
		{F5402EC0-312B-4863-9853-49FC994B7507}.Release|iPhoneSimulator.Deploy.0 = Release|Any CPU
		{75F13830-C04E-4AA1-BD29-56CA1E4A87AB}.Debug|Any CPU.ActiveCfg = Debug|iPhone
		{75F13830-C04E-4AA1-BD29-56CA1E4A87AB}.Debug|Any CPU.Build.0 = Debug|iPhone
		{75F13830-C04E-4AA1-BD29-56CA1E4A87AB}.Debug|Any CPU.Deploy.0 = Debug|iPhone
		{75F13830-C04E-4AA1-BD29-56CA1E4A87AB}.Debug|iPhone.ActiveCfg = Debug|iPhone
		{75F13830-C04E-4AA1-BD29-56CA1E4A87AB}.Debug|iPhone.Build.0 = Debug|iPhone
		{75F13830-C04E-4AA1-BD29-56CA1E4A87AB}.Debug|iPhone.Deploy.0 = Debug|iPhone
		{75F13830-C04E-4AA1-BD29-56CA1E4A87AB}.Debug|iPhoneSimulator.ActiveCfg = Debug|iPhoneSimulator
		{75F13830-C04E-4AA1-BD29-56CA1E4A87AB}.Debug|iPhoneSimulator.Build.0 = Debug|iPhoneSimulator
		{75F13830-C04E-4AA1-BD29-56CA1E4A87AB}.Debug|iPhoneSimulator.Deploy.0 = Debug|iPhoneSimulator
		{75F13830-C04E-4AA1-BD29-56CA1E4A87AB}.Release|Any CPU.ActiveCfg = Release|iPhoneSimulator
		{75F13830-C04E-4AA1-BD29-56CA1E4A87AB}.Release|Any CPU.Build.0 = Release|iPhoneSimulator
		{75F13830-C04E-4AA1-BD29-56CA1E4A87AB}.Release|Any CPU.Deploy.0 = Release|iPhoneSimulator
		{75F13830-C04E-4AA1-BD29-56CA1E4A87AB}.Release|iPhone.ActiveCfg = Release|iPhone
		{75F13830-C04E-4AA1-BD29-56CA1E4A87AB}.Release|iPhone.Build.0 = Release|iPhone
		{75F13830-C04E-4AA1-BD29-56CA1E4A87AB}.Release|iPhone.Deploy.0 = Release|iPhone
		{75F13830-C04E-4AA1-BD29-56CA1E4A87AB}.Release|iPhoneSimulator.ActiveCfg = Release|iPhoneSimulator
		{75F13830-C04E-4AA1-BD29-56CA1E4A87AB}.Release|iPhoneSimulator.Build.0 = Release|iPhoneSimulator
		{75F13830-C04E-4AA1-BD29-56CA1E4A87AB}.Release|iPhoneSimulator.Deploy.0 = Release|iPhoneSimulator
		{96274F4B-B3D9-4C9D-9755-0BA039CEBD86}.Debug|Any CPU.ActiveCfg = Debug|Any CPU
		{96274F4B-B3D9-4C9D-9755-0BA039CEBD86}.Debug|Any CPU.Build.0 = Debug|Any CPU
		{96274F4B-B3D9-4C9D-9755-0BA039CEBD86}.Debug|Any CPU.Deploy.0 = Debug|Any CPU
		{96274F4B-B3D9-4C9D-9755-0BA039CEBD86}.Debug|iPhone.ActiveCfg = Debug|Any CPU
		{96274F4B-B3D9-4C9D-9755-0BA039CEBD86}.Debug|iPhone.Build.0 = Debug|Any CPU
		{96274F4B-B3D9-4C9D-9755-0BA039CEBD86}.Debug|iPhone.Deploy.0 = Debug|Any CPU
		{96274F4B-B3D9-4C9D-9755-0BA039CEBD86}.Debug|iPhoneSimulator.ActiveCfg = Debug|Any CPU
		{96274F4B-B3D9-4C9D-9755-0BA039CEBD86}.Debug|iPhoneSimulator.Build.0 = Debug|Any CPU
		{96274F4B-B3D9-4C9D-9755-0BA039CEBD86}.Debug|iPhoneSimulator.Deploy.0 = Debug|Any CPU
		{96274F4B-B3D9-4C9D-9755-0BA039CEBD86}.Release|Any CPU.ActiveCfg = Release|Any CPU
		{96274F4B-B3D9-4C9D-9755-0BA039CEBD86}.Release|Any CPU.Build.0 = Release|Any CPU
		{96274F4B-B3D9-4C9D-9755-0BA039CEBD86}.Release|Any CPU.Deploy.0 = Release|Any CPU
		{96274F4B-B3D9-4C9D-9755-0BA039CEBD86}.Release|iPhone.ActiveCfg = Release|Any CPU
		{96274F4B-B3D9-4C9D-9755-0BA039CEBD86}.Release|iPhone.Build.0 = Release|Any CPU
		{96274F4B-B3D9-4C9D-9755-0BA039CEBD86}.Release|iPhone.Deploy.0 = Release|Any CPU
		{96274F4B-B3D9-4C9D-9755-0BA039CEBD86}.Release|iPhoneSimulator.ActiveCfg = Release|Any CPU
		{96274F4B-B3D9-4C9D-9755-0BA039CEBD86}.Release|iPhoneSimulator.Build.0 = Release|Any CPU
		{96274F4B-B3D9-4C9D-9755-0BA039CEBD86}.Release|iPhoneSimulator.Deploy.0 = Release|Any CPU
	EndGlobalSection
	GlobalSection(SolutionProperties) = preSolution
		HideSolutionNode = FALSE
	EndGlobalSection
	GlobalSection(ExtensibilityGlobals) = postSolution
		SolutionGuid = {13AFC634-4C6A-4D07-929F-6527A07D1469}
	EndGlobalSection
EndGlobal
